// !$*UTF8*$!
{
	archiveVersion = 1;
	classes = {
	};
	objectVersion = 50;
	objects = {

/* Begin PBXBuildFile section */
		C790032421A37B4500737CBD /* AppDelegate.swift in Sources */ = {isa = PBXBuildFile; fileRef = C790032321A37B4500737CBD /* AppDelegate.swift */; };
		C790032621A37B4500737CBD /* ChallengeViewController.swift in Sources */ = {isa = PBXBuildFile; fileRef = C790032521A37B4500737CBD /* ChallengeViewController.swift */; };
		C790032821A37B4500737CBD /* HistoryViewController.swift in Sources */ = {isa = PBXBuildFile; fileRef = C790032721A37B4500737CBD /* HistoryViewController.swift */; };
		C790032B21A37B4500737CBD /* Main.storyboard in Resources */ = {isa = PBXBuildFile; fileRef = C790032921A37B4500737CBD /* Main.storyboard */; };
		C790032D21A37B4600737CBD /* Assets.xcassets in Resources */ = {isa = PBXBuildFile; fileRef = C790032C21A37B4600737CBD /* Assets.xcassets */; };
		C790033021A37B4600737CBD /* LaunchScreen.storyboard in Resources */ = {isa = PBXBuildFile; fileRef = C790032E21A37B4600737CBD /* LaunchScreen.storyboard */; };
		C790033821A3F1AE00737CBD /* StatsViewController.swift in Sources */ = {isa = PBXBuildFile; fileRef = C790033721A3F1AE00737CBD /* StatsViewController.swift */; };
		C790033C21A483CE00737CBD /* ChallengeDetailViewController.swift in Sources */ = {isa = PBXBuildFile; fileRef = C790033B21A483CE00737CBD /* ChallengeDetailViewController.swift */; };
		C790036021A4A6DE00737CBD /* EarthLove.xcdatamodeld in Sources */ = {isa = PBXBuildFile; fileRef = C790035E21A4A6DE00737CBD /* EarthLove.xcdatamodeld */; };
/* End PBXBuildFile section */

/* Begin PBXFileReference section */
		C790032021A37B4500737CBD /* EarthLove.app */ = {isa = PBXFileReference; explicitFileType = wrapper.application; includeInIndex = 0; path = EarthLove.app; sourceTree = BUILT_PRODUCTS_DIR; };
		C790032321A37B4500737CBD /* AppDelegate.swift */ = {isa = PBXFileReference; lastKnownFileType = sourcecode.swift; path = AppDelegate.swift; sourceTree = "<group>"; };
		C790032521A37B4500737CBD /* ChallengeViewController.swift */ = {isa = PBXFileReference; lastKnownFileType = sourcecode.swift; path = ChallengeViewController.swift; sourceTree = "<group>"; };
		C790032721A37B4500737CBD /* HistoryViewController.swift */ = {isa = PBXFileReference; lastKnownFileType = sourcecode.swift; path = HistoryViewController.swift; sourceTree = "<group>"; };
		C790032A21A37B4500737CBD /* Base */ = {isa = PBXFileReference; lastKnownFileType = file.storyboard; name = Base; path = Base.lproj/Main.storyboard; sourceTree = "<group>"; };
		C790032C21A37B4600737CBD /* Assets.xcassets */ = {isa = PBXFileReference; lastKnownFileType = folder.assetcatalog; path = Assets.xcassets; sourceTree = "<group>"; };
		C790032F21A37B4600737CBD /* Base */ = {isa = PBXFileReference; lastKnownFileType = file.storyboard; name = Base; path = Base.lproj/LaunchScreen.storyboard; sourceTree = "<group>"; };
		C790033121A37B4600737CBD /* Info.plist */ = {isa = PBXFileReference; lastKnownFileType = text.plist.xml; path = Info.plist; sourceTree = "<group>"; };
		C790033721A3F1AE00737CBD /* StatsViewController.swift */ = {isa = PBXFileReference; lastKnownFileType = sourcecode.swift; path = StatsViewController.swift; sourceTree = "<group>"; };
		C790033B21A483CE00737CBD /* ChallengeDetailViewController.swift */ = {isa = PBXFileReference; lastKnownFileType = sourcecode.swift; path = ChallengeDetailViewController.swift; sourceTree = "<group>"; };
		C790035F21A4A6DE00737CBD /* EarthLove.xcdatamodel */ = {isa = PBXFileReference; lastKnownFileType = wrapper.xcdatamodel; path = EarthLove.xcdatamodel; sourceTree = "<group>"; };
/* End PBXFileReference section */

/* Begin PBXFrameworksBuildPhase section */
		C790031D21A37B4500737CBD /* Frameworks */ = {
			isa = PBXFrameworksBuildPhase;
			buildActionMask = 2147483647;
			files = (
			);
			runOnlyForDeploymentPostprocessing = 0;
		};
/* End PBXFrameworksBuildPhase section */

/* Begin PBXGroup section */
		C790031721A37B4500737CBD = {
			isa = PBXGroup;
			children = (
				C790032221A37B4500737CBD /* EarthLove */,
				C790032121A37B4500737CBD /* Products */,
			);
			sourceTree = "<group>";
		};
		C790032121A37B4500737CBD /* Products */ = {
			isa = PBXGroup;
			children = (
				C790032021A37B4500737CBD /* EarthLove.app */,
			);
			name = Products;
			sourceTree = "<group>";
		};
		C790032221A37B4500737CBD /* EarthLove */ = {
			isa = PBXGroup;
			children = (
				C790032321A37B4500737CBD /* AppDelegate.swift */,
				C790032521A37B4500737CBD /* ChallengeViewController.swift */,
				C790033721A3F1AE00737CBD /* StatsViewController.swift */,
				C790032721A37B4500737CBD /* HistoryViewController.swift */,
				C790033B21A483CE00737CBD /* ChallengeDetailViewController.swift */,
				C790035E21A4A6DE00737CBD /* EarthLove.xcdatamodeld */,
				C790032921A37B4500737CBD /* Main.storyboard */,
				C790032C21A37B4600737CBD /* Assets.xcassets */,
				C790032E21A37B4600737CBD /* LaunchScreen.storyboard */,
				C790033121A37B4600737CBD /* Info.plist */,
			);
			path = EarthLove;
			sourceTree = "<group>";
		};
/* End PBXGroup section */

/* Begin PBXNativeTarget section */
		C790031F21A37B4500737CBD /* EarthLove */ = {
			isa = PBXNativeTarget;
			buildConfigurationList = C790033421A37B4600737CBD /* Build configuration list for PBXNativeTarget "EarthLove" */;
			buildPhases = (
				C790031C21A37B4500737CBD /* Sources */,
				C790031D21A37B4500737CBD /* Frameworks */,
				C790031E21A37B4500737CBD /* Resources */,
			);
			buildRules = (
			);
			dependencies = (
			);
			name = EarthLove;
			productName = EarthLove;
			productReference = C790032021A37B4500737CBD /* EarthLove.app */;
			productType = "com.apple.product-type.application";
		};
/* End PBXNativeTarget section */

/* Begin PBXProject section */
		C790031821A37B4500737CBD /* Project object */ = {
			isa = PBXProject;
			attributes = {
				LastSwiftUpdateCheck = 1010;
				LastUpgradeCheck = 1010;
				ORGANIZATIONNAME = "Seth Watson";
				TargetAttributes = {
					C790031F21A37B4500737CBD = {
						CreatedOnToolsVersion = 10.1;
					};
				};
			};
			buildConfigurationList = C790031B21A37B4500737CBD /* Build configuration list for PBXProject "EarthLove" */;
			compatibilityVersion = "Xcode 9.3";
			developmentRegion = en;
			hasScannedForEncodings = 0;
			knownRegions = (
				en,
				Base,
			);
			mainGroup = C790031721A37B4500737CBD;
			productRefGroup = C790032121A37B4500737CBD /* Products */;
			projectDirPath = "";
			projectRoot = "";
			targets = (
				C790031F21A37B4500737CBD /* EarthLove */,
			);
		};
/* End PBXProject section */

/* Begin PBXResourcesBuildPhase section */
		C790031E21A37B4500737CBD /* Resources */ = {
			isa = PBXResourcesBuildPhase;
			buildActionMask = 2147483647;
			files = (
				C790033021A37B4600737CBD /* LaunchScreen.storyboard in Resources */,
				C790032D21A37B4600737CBD /* Assets.xcassets in Resources */,
				C790032B21A37B4500737CBD /* Main.storyboard in Resources */,
			);
			runOnlyForDeploymentPostprocessing = 0;
		};
/* End PBXResourcesBuildPhase section */

/* Begin PBXSourcesBuildPhase section */
		C790031C21A37B4500737CBD /* Sources */ = {
			isa = PBXSourcesBuildPhase;
			buildActionMask = 2147483647;
			files = (
				C790033821A3F1AE00737CBD /* StatsViewController.swift in Sources */,
				C790032821A37B4500737CBD /* HistoryViewController.swift in Sources */,
				C790036021A4A6DE00737CBD /* EarthLove.xcdatamodeld in Sources */,
				C790032421A37B4500737CBD /* AppDelegate.swift in Sources */,
				C790032621A37B4500737CBD /* ChallengeViewController.swift in Sources */,
				C790033C21A483CE00737CBD /* ChallengeDetailViewController.swift in Sources */,
			);
			runOnlyForDeploymentPostprocessing = 0;
		};
/* End PBXSourcesBuildPhase section */

/* Begin PBXVariantGroup section */
		C790032921A37B4500737CBD /* Main.storyboard */ = {
			isa = PBXVariantGroup;
			children = (
				C790032A21A37B4500737CBD /* Base */,
			);
			name = Main.storyboard;
			sourceTree = "<group>";
		};
		C790032E21A37B4600737CBD /* LaunchScreen.storyboard */ = {
			isa = PBXVariantGroup;
			children = (
				C790032F21A37B4600737CBD /* Base */,
			);
			name = LaunchScreen.storyboard;
			sourceTree = "<group>";
		};
/* End PBXVariantGroup section */

/* Begin XCBuildConfiguration section */
		C790033221A37B4600737CBD /* Debug */ = {
			isa = XCBuildConfiguration;
			buildSettings = {
				ALWAYS_SEARCH_USER_PATHS = NO;
				CLANG_ANALYZER_NONNULL = YES;
				CLANG_ANALYZER_NUMBER_OBJECT_CONVERSION = YES_AGGRESSIVE;
				CLANG_CXX_LANGUAGE_STANDARD = "gnu++14";
				CLANG_CXX_LIBRARY = "libc++";
				CLANG_ENABLE_MODULES = YES;
				CLANG_ENABLE_OBJC_ARC = YES;
				CLANG_ENABLE_OBJC_WEAK = YES;
				CLANG_WARN_BLOCK_CAPTURE_AUTORELEASING = YES;
				CLANG_WARN_BOOL_CONVERSION = YES;
				CLANG_WARN_COMMA = YES;
				CLANG_WARN_CONSTANT_CONVERSION = YES;
				CLANG_WARN_DEPRECATED_OBJC_IMPLEMENTATIONS = YES;
				CLANG_WARN_DIRECT_OBJC_ISA_USAGE = YES_ERROR;
				CLANG_WARN_DOCUMENTATION_COMMENTS = YES;
				CLANG_WARN_EMPTY_BODY = YES;
				CLANG_WARN_ENUM_CONVERSION = YES;
				CLANG_WARN_INFINITE_RECURSION = YES;
				CLANG_WARN_INT_CONVERSION = YES;
				CLANG_WARN_NON_LITERAL_NULL_CONVERSION = YES;
				CLANG_WARN_OBJC_IMPLICIT_RETAIN_SELF = YES;
				CLANG_WARN_OBJC_LITERAL_CONVERSION = YES;
				CLANG_WARN_OBJC_ROOT_CLASS = YES_ERROR;
				CLANG_WARN_RANGE_LOOP_ANALYSIS = YES;
				CLANG_WARN_STRICT_PROTOTYPES = YES;
				CLANG_WARN_SUSPICIOUS_MOVE = YES;
				CLANG_WARN_UNGUARDED_AVAILABILITY = YES_AGGRESSIVE;
				CLANG_WARN_UNREACHABLE_CODE = YES;
				CLANG_WARN__DUPLICATE_METHOD_MATCH = YES;
				CODE_SIGN_IDENTITY = "iPhone Developer";
				COPY_PHASE_STRIP = NO;
				DEBUG_INFORMATION_FORMAT = dwarf;
				ENABLE_STRICT_OBJC_MSGSEND = YES;
				ENABLE_TESTABILITY = YES;
				GCC_C_LANGUAGE_STANDARD = gnu11;
				GCC_DYNAMIC_NO_PIC = NO;
				GCC_NO_COMMON_BLOCKS = YES;
				GCC_OPTIMIZATION_LEVEL = 0;
				GCC_PREPROCESSOR_DEFINITIONS = (
					"DEBUG=1",
					"$(inherited)",
				);
				GCC_WARN_64_TO_32_BIT_CONVERSION = YES;
				GCC_WARN_ABOUT_RETURN_TYPE = YES_ERROR;
				GCC_WARN_UNDECLARED_SELECTOR = YES;
				GCC_WARN_UNINITIALIZED_AUTOS = YES_AGGRESSIVE;
				GCC_WARN_UNUSED_FUNCTION = YES;
				GCC_WARN_UNUSED_VARIABLE = YES;
				IPHONEOS_DEPLOYMENT_TARGET = 12.1;
				MTL_ENABLE_DEBUG_INFO = INCLUDE_SOURCE;
				MTL_FAST_MATH = YES;
				ONLY_ACTIVE_ARCH = YES;
				SDKROOT = iphoneos;
				SWIFT_ACTIVE_COMPILATION_CONDITIONS = DEBUG;
				SWIFT_OPTIMIZATION_LEVEL = "-Onone";
			};
			name = Debug;
		};
		C790033321A37B4600737CBD /* Release */ = {
			isa = XCBuildConfiguration;
			buildSettings = {
				ALWAYS_SEARCH_USER_PATHS = NO;
				CLANG_ANALYZER_NONNULL = YES;
				CLANG_ANALYZER_NUMBER_OBJECT_CONVERSION = YES_AGGRESSIVE;
				CLANG_CXX_LANGUAGE_STANDARD = "gnu++14";
				CLANG_CXX_LIBRARY = "libc++";
				CLANG_ENABLE_MODULES = YES;
				CLANG_ENABLE_OBJC_ARC = YES;
				CLANG_ENABLE_OBJC_WEAK = YES;
				CLANG_WARN_BLOCK_CAPTURE_AUTORELEASING = YES;
				CLANG_WARN_BOOL_CONVERSION = YES;
				CLANG_WARN_COMMA = YES;
				CLANG_WARN_CONSTANT_CONVERSION = YES;
				CLANG_WARN_DEPRECATED_OBJC_IMPLEMENTATIONS = YES;
				CLANG_WARN_DIRECT_OBJC_ISA_USAGE = YES_ERROR;
				CLANG_WARN_DOCUMENTATION_COMMENTS = YES;
				CLANG_WARN_EMPTY_BODY = YES;
				CLANG_WARN_ENUM_CONVERSION = YES;
				CLANG_WARN_INFINITE_RECURSION = YES;
				CLANG_WARN_INT_CONVERSION = YES;
				CLANG_WARN_NON_LITERAL_NULL_CONVERSION = YES;
				CLANG_WARN_OBJC_IMPLICIT_RETAIN_SELF = YES;
				CLANG_WARN_OBJC_LITERAL_CONVERSION = YES;
				CLANG_WARN_OBJC_ROOT_CLASS = YES_ERROR;
				CLANG_WARN_RANGE_LOOP_ANALYSIS = YES;
				CLANG_WARN_STRICT_PROTOTYPES = YES;
				CLANG_WARN_SUSPICIOUS_MOVE = YES;
				CLANG_WARN_UNGUARDED_AVAILABILITY = YES_AGGRESSIVE;
				CLANG_WARN_UNREACHABLE_CODE = YES;
				CLANG_WARN__DUPLICATE_METHOD_MATCH = YES;
				CODE_SIGN_IDENTITY = "iPhone Developer";
				COPY_PHASE_STRIP = NO;
				DEBUG_INFORMATION_FORMAT = "dwarf-with-dsym";
				ENABLE_NS_ASSERTIONS = NO;
				ENABLE_STRICT_OBJC_MSGSEND = YES;
				GCC_C_LANGUAGE_STANDARD = gnu11;
				GCC_NO_COMMON_BLOCKS = YES;
				GCC_WARN_64_TO_32_BIT_CONVERSION = YES;
				GCC_WARN_ABOUT_RETURN_TYPE = YES_ERROR;
				GCC_WARN_UNDECLARED_SELECTOR = YES;
				GCC_WARN_UNINITIALIZED_AUTOS = YES_AGGRESSIVE;
				GCC_WARN_UNUSED_FUNCTION = YES;
				GCC_WARN_UNUSED_VARIABLE = YES;
				IPHONEOS_DEPLOYMENT_TARGET = 12.1;
				MTL_ENABLE_DEBUG_INFO = NO;
				MTL_FAST_MATH = YES;
				SDKROOT = iphoneos;
				SWIFT_COMPILATION_MODE = wholemodule;
				SWIFT_OPTIMIZATION_LEVEL = "-O";
				VALIDATE_PRODUCT = YES;
			};
			name = Release;
		};
		C790033521A37B4600737CBD /* Debug */ = {
			isa = XCBuildConfiguration;
			buildSettings = {
				ASSETCATALOG_COMPILER_APPICON_NAME = AppIcon;
				CODE_SIGN_STYLE = Automatic;
				DEVELOPMENT_TEAM = 2DJL5484PS;
				INFOPLIST_FILE = EarthLove/Info.plist;
				LD_RUNPATH_SEARCH_PATHS = (
					"$(inherited)",
					"@executable_path/Frameworks",
				);
				PRODUCT_BUNDLE_IDENTIFIER = me.sethwatson.EarthLove;
				PRODUCT_NAME = "$(TARGET_NAME)";
				SWIFT_VERSION = 4.2;
				TARGETED_DEVICE_FAMILY = "1,2";
			};
			name = Debug;
		};
		C790033621A37B4600737CBD /* Release */ = {
			isa = XCBuildConfiguration;
			buildSettings = {
				ASSETCATALOG_COMPILER_APPICON_NAME = AppIcon;
				CODE_SIGN_STYLE = Automatic;
				DEVELOPMENT_TEAM = 2DJL5484PS;
				INFOPLIST_FILE = EarthLove/Info.plist;
				LD_RUNPATH_SEARCH_PATHS = (
					"$(inherited)",
					"@executable_path/Frameworks",
				);
				PRODUCT_BUNDLE_IDENTIFIER = me.sethwatson.EarthLove;
				PRODUCT_NAME = "$(TARGET_NAME)";
				SWIFT_VERSION = 4.2;
				TARGETED_DEVICE_FAMILY = "1,2";
			};
			name = Release;
		};
/* End XCBuildConfiguration section */

/* Begin XCConfigurationList section */
		C790031B21A37B4500737CBD /* Build configuration list for PBXProject "EarthLove" */ = {
			isa = XCConfigurationList;
			buildConfigurations = (
				C790033221A37B4600737CBD /* Debug */,
				C790033321A37B4600737CBD /* Release */,
			);
			defaultConfigurationIsVisible = 0;
			defaultConfigurationName = Release;
		};
		C790033421A37B4600737CBD /* Build configuration list for PBXNativeTarget "EarthLove" */ = {
			isa = XCConfigurationList;
			buildConfigurations = (
				C790033521A37B4600737CBD /* Debug */,
				C790033621A37B4600737CBD /* Release */,
			);
			defaultConfigurationIsVisible = 0;
			defaultConfigurationName = Release;
		};
/* End XCConfigurationList section */

/* Begin XCVersionGroup section */
		C790035E21A4A6DE00737CBD /* EarthLove.xcdatamodeld */ = {
			isa = XCVersionGroup;
			children = (
				C790035F21A4A6DE00737CBD /* EarthLove.xcdatamodel */,
			);
			currentVersion = C790035F21A4A6DE00737CBD /* EarthLove.xcdatamodel */;
			path = EarthLove.xcdatamodeld;
			sourceTree = "<group>";
			versionGroupType = wrapper.xcdatamodel;
		};
/* End XCVersionGroup section */
	};
	rootObject = C790031821A37B4500737CBD /* Project object */;
}
